
Microsoft Visual Studio Solution File, Format Version 12.00
# Visual Studio Version 16
VisualStudioVersion = 16.0.30621.155
MinimumVisualStudioVersion = 10.0.40219.1
Project("{9A19103F-16F7-4668-BE54-9A1E7A4F7556}") = "AVDharma.LeilaoOnline.WebApp", "AVDharma.LeilaoOnline.WebApp.csproj", "{A0973CED-B1B3-4F41-B277-6192B3717546}"
EndProject
Global
	GlobalSection(SolutionConfigurationPlatforms) = preSolution
		Debug|Any CPU = Debug|Any CPU
		Release|Any CPU = Release|Any CPU
	EndGlobalSection
	GlobalSection(ProjectConfigurationPlatforms) = postSolution
		{A0973CED-B1B3-4F41-B277-6192B3717546}.Debug|Any CPU.ActiveCfg = Debug|Any CPU
		{A0973CED-B1B3-4F41-B277-6192B3717546}.Debug|Any CPU.Build.0 = Debug|Any CPU
		{A0973CED-B1B3-4F41-B277-6192B3717546}.Release|Any CPU.ActiveCfg = Release|Any CPU
		{A0973CED-B1B3-4F41-B277-6192B3717546}.Release|Any CPU.Build.0 = Release|Any CPU
	EndGlobalSection
	GlobalSection(SolutionProperties) = preSolution
		HideSolutionNode = FALSE
	EndGlobalSection
	GlobalSection(ExtensibilityGlobals) = postSolution
		SolutionGuid = {F03D4B5B-21CE-49C4-AC51-E356F7DD565B}
	EndGlobalSection
EndGlobal
